
Microsoft Visual Studio Solution File, Format Version 12.00
# Visual Studio Version 17
VisualStudioVersion = 17.1.32414.318
MinimumVisualStudioVersion = 10.0.40219.1
Project("{FAE04EC0-301F-11D3-BF4B-00C04F79EFBC}") = "Single Responsibility", "Single Responsibility\Single Responsibility.csproj", "{8F6749E3-D823-47D0-A30E-15F5CC0ABBDE}"
EndProject
Global
	GlobalSection(SolutionConfigurationPlatforms) = preSolution
		Debug|Any CPU = Debug|Any CPU
		Release|Any CPU = Release|Any CPU
	EndGlobalSection
	GlobalSection(ProjectConfigurationPlatforms) = postSolution
		{8F6749E3-D823-47D0-A30E-15F5CC0ABBDE}.Debug|Any CPU.ActiveCfg = Debug|Any CPU
		{8F6749E3-D823-47D0-A30E-15F5CC0ABBDE}.Debug|Any CPU.Build.0 = Debug|Any CPU
		{8F6749E3-D823-47D0-A30E-15F5CC0ABBDE}.Release|Any CPU.ActiveCfg = Release|Any CPU
		{8F6749E3-D823-47D0-A30E-15F5CC0ABBDE}.Release|Any CPU.Build.0 = Release|Any CPU
	EndGlobalSection
	GlobalSection(SolutionProperties) = preSolution
		HideSolutionNode = FALSE
	EndGlobalSection
	GlobalSection(ExtensibilityGlobals) = postSolution
		SolutionGuid = {AD36F2AB-0718-4206-8F52-A6B1FFAAC5CB}
	EndGlobalSection
EndGlobal
